
Microsoft Visual Studio Solution File, Format Version 12.00
# Visual Studio 15
VisualStudioVersion = 15.0.27130.2027
MinimumVisualStudioVersion = 10.0.40219.1
Project("{8BC9CEB8-8B4A-11D0-8D11-00A0C91BC942}") = "Jeu", "Jeu\Jeu.vcxproj", "{B1D3C6AA-55EA-4C76-9158-70AEA8E18BEB}"
EndProject
Global
	GlobalSection(SolutionConfigurationPlatforms) = preSolution
		Debug|x64 = Debug|x64
		Debug|x86 = Debug|x86
		Release|x64 = Release|x64
		Release|x86 = Release|x86
	EndGlobalSection
	GlobalSection(ProjectConfigurationPlatforms) = postSolution
		{B1D3C6AA-55EA-4C76-9158-70AEA8E18BEB}.Debug|x64.ActiveCfg = Debug|x64
		{B1D3C6AA-55EA-4C76-9158-70AEA8E18BEB}.Debug|x64.Build.0 = Debug|x64
		{B1D3C6AA-55EA-4C76-9158-70AEA8E18BEB}.Debug|x86.ActiveCfg = Debug|Win32
		{B1D3C6AA-55EA-4C76-9158-70AEA8E18BEB}.Debug|x86.Build.0 = Debug|Win32
		{B1D3C6AA-55EA-4C76-9158-70AEA8E18BEB}.Release|x64.ActiveCfg = Release|x64
		{B1D3C6AA-55EA-4C76-9158-70AEA8E18BEB}.Release|x64.Build.0 = Release|x64
		{B1D3C6AA-55EA-4C76-9158-70AEA8E18BEB}.Release|x86.ActiveCfg = Release|Win32
		{B1D3C6AA-55EA-4C76-9158-70AEA8E18BEB}.Release|x86.Build.0 = Release|Win32
	EndGlobalSection
	GlobalSection(SolutionProperties) = preSolution
		HideSolutionNode = FALSE
	EndGlobalSection
	GlobalSection(ExtensibilityGlobals) = postSolution
		SolutionGuid = {7A9F671C-1DCE-4D95-B9A0-304227E152C8}
	EndGlobalSection
EndGlobal
